
Microsoft Visual Studio Solution File, Format Version 12.00
# Visual Studio 15
VisualStudioVersion = 15.0.34112.143
MinimumVisualStudioVersion = 10.0.40219.1
Project("{FAE04EC0-301F-11D3-BF4B-00C04F79EFBC}") = "CSProject", "CSProject\CSProject.csproj", "{E7B2E224-7FA5-4A0A-BD3D-213E186DFD87}"
EndProject
Global
	GlobalSection(SolutionConfigurationPlatforms) = preSolution
		Debug|Any CPU = Debug|Any CPU
		Release|Any CPU = Release|Any CPU
	EndGlobalSection
	GlobalSection(ProjectConfigurationPlatforms) = postSolution
		{E7B2E224-7FA5-4A0A-BD3D-213E186DFD87}.Debug|Any CPU.ActiveCfg = Debug|Any CPU
		{E7B2E224-7FA5-4A0A-BD3D-213E186DFD87}.Debug|Any CPU.Build.0 = Debug|Any CPU
		{E7B2E224-7FA5-4A0A-BD3D-213E186DFD87}.Release|Any CPU.ActiveCfg = Release|Any CPU
		{E7B2E224-7FA5-4A0A-BD3D-213E186DFD87}.Release|Any CPU.Build.0 = Release|Any CPU
	EndGlobalSection
	GlobalSection(SolutionProperties) = preSolution
		HideSolutionNode = FALSE
	EndGlobalSection
	GlobalSection(ExtensibilityGlobals) = postSolution
		SolutionGuid = {52837653-A2CD-4A2F-AC90-50446F33D6E2}
	EndGlobalSection
EndGlobal
